
Microsoft Visual Studio Solution File, Format Version 12.00
# Visual Studio Version 17
VisualStudioVersion = 17.9.34723.18
MinimumVisualStudioVersion = 10.0.40219.1
Project("{FAE04EC0-301F-11D3-BF4B-00C04F79EFBC}") = "PassByValueAndRef", "PassByValueAndRef\PassByValueAndRef.csproj", "{6F38FD6C-60F7-490D-9BF7-02436A93A7F3}"
EndProject
Project("{FAE04EC0-301F-11D3-BF4B-00C04F79EFBC}") = "DelegateExample", "DelegateExample\DelegateExample.csproj", "{553A86CB-AB8D-4DE4-8BFB-74C12F1CA685}"
EndProject
Project("{FAE04EC0-301F-11D3-BF4B-00C04F79EFBC}") = "EventsExample", "EventsExample\EventsExample.csproj", "{AF8A0169-EF6E-4B45-951A-E83AC2738B06}"
EndProject
Global
	GlobalSection(SolutionConfigurationPlatforms) = preSolution
		Debug|Any CPU = Debug|Any CPU
		Release|Any CPU = Release|Any CPU
	EndGlobalSection
	GlobalSection(ProjectConfigurationPlatforms) = postSolution
		{6F38FD6C-60F7-490D-9BF7-02436A93A7F3}.Debug|Any CPU.ActiveCfg = Debug|Any CPU
		{6F38FD6C-60F7-490D-9BF7-02436A93A7F3}.Debug|Any CPU.Build.0 = Debug|Any CPU
		{6F38FD6C-60F7-490D-9BF7-02436A93A7F3}.Release|Any CPU.ActiveCfg = Release|Any CPU
		{6F38FD6C-60F7-490D-9BF7-02436A93A7F3}.Release|Any CPU.Build.0 = Release|Any CPU
		{553A86CB-AB8D-4DE4-8BFB-74C12F1CA685}.Debug|Any CPU.ActiveCfg = Debug|Any CPU
		{553A86CB-AB8D-4DE4-8BFB-74C12F1CA685}.Debug|Any CPU.Build.0 = Debug|Any CPU
		{553A86CB-AB8D-4DE4-8BFB-74C12F1CA685}.Release|Any CPU.ActiveCfg = Release|Any CPU
		{553A86CB-AB8D-4DE4-8BFB-74C12F1CA685}.Release|Any CPU.Build.0 = Release|Any CPU
		{AF8A0169-EF6E-4B45-951A-E83AC2738B06}.Debug|Any CPU.ActiveCfg = Debug|Any CPU
		{AF8A0169-EF6E-4B45-951A-E83AC2738B06}.Debug|Any CPU.Build.0 = Debug|Any CPU
		{AF8A0169-EF6E-4B45-951A-E83AC2738B06}.Release|Any CPU.ActiveCfg = Release|Any CPU
		{AF8A0169-EF6E-4B45-951A-E83AC2738B06}.Release|Any CPU.Build.0 = Release|Any CPU
	EndGlobalSection
	GlobalSection(SolutionProperties) = preSolution
		HideSolutionNode = FALSE
	EndGlobalSection
	GlobalSection(ExtensibilityGlobals) = postSolution
		SolutionGuid = {51E7B20F-49AE-41FF-90BD-8B450C8FB6CF}
	EndGlobalSection
EndGlobal
